
Microsoft Visual Studio Solution File, Format Version 12.00
# Visual Studio 2012
Project("{FAE04EC0-301F-11D3-BF4B-00C04F79EFBC}") = "Dosen", "Dosen\Dosen.csproj", "{AC10EDA8-A850-43A2-9AE7-1D9DF2CF3B63}"
EndProject
Global
	GlobalSection(SolutionConfigurationPlatforms) = preSolution
		Debug|Any CPU = Debug|Any CPU
		Release|Any CPU = Release|Any CPU
	EndGlobalSection
	GlobalSection(ProjectConfigurationPlatforms) = postSolution
		{AC10EDA8-A850-43A2-9AE7-1D9DF2CF3B63}.Debug|Any CPU.ActiveCfg = Debug|Any CPU
		{AC10EDA8-A850-43A2-9AE7-1D9DF2CF3B63}.Debug|Any CPU.Build.0 = Debug|Any CPU
		{AC10EDA8-A850-43A2-9AE7-1D9DF2CF3B63}.Release|Any CPU.ActiveCfg = Release|Any CPU
		{AC10EDA8-A850-43A2-9AE7-1D9DF2CF3B63}.Release|Any CPU.Build.0 = Release|Any CPU
	EndGlobalSection
	GlobalSection(SolutionProperties) = preSolution
		HideSolutionNode = FALSE
	EndGlobalSection
EndGlobal
