
Microsoft Visual Studio Solution File, Format Version 12.00
# Visual Studio 2012
Project("{FAE04EC0-301F-11D3-BF4B-00C04F79EFBC}") = "CRUD2tabel", "CRUD2tabel\CRUD2tabel.csproj", "{36F313B2-A113-471E-AED7-5C8FA64A6A09}"
EndProject
Global
	GlobalSection(SolutionConfigurationPlatforms) = preSolution
		Debug|Any CPU = Debug|Any CPU
		Release|Any CPU = Release|Any CPU
	EndGlobalSection
	GlobalSection(ProjectConfigurationPlatforms) = postSolution
		{36F313B2-A113-471E-AED7-5C8FA64A6A09}.Debug|Any CPU.ActiveCfg = Debug|Any CPU
		{36F313B2-A113-471E-AED7-5C8FA64A6A09}.Debug|Any CPU.Build.0 = Debug|Any CPU
		{36F313B2-A113-471E-AED7-5C8FA64A6A09}.Release|Any CPU.ActiveCfg = Release|Any CPU
		{36F313B2-A113-471E-AED7-5C8FA64A6A09}.Release|Any CPU.Build.0 = Release|Any CPU
	EndGlobalSection
	GlobalSection(SolutionProperties) = preSolution
		HideSolutionNode = FALSE
	EndGlobalSection
EndGlobal
